{
    "_meta": {
        "hash": {
            "sha256": "983104b6d32851e7c91440a65b754b80cd8b28f1964951e03573041849501188"
        },
        "pipfile-spec": 1,
        "requires": {},
        "sources": [
            {
                "url": "https://pypi.python.org/simple",
                "verify_ssl": true
            }
        ]
    },
    "default": {
        "cachetools": {
            "version": "==2.1.0"
        },
        "certifi": {
            "version": "==2018.4.16"
        },
        "chardet": {
            "version": "==3.0.4"
        },
        "colour": {
            "version": "==0.1.5"
        },
        "google-api-core": {
            "version": "==1.2.0"
        },
        "google-auth": {
            "version": "==1.5.0"
        },
        "google-cloud-vision": {
            "version": "==0.32.0"
        },
        "googleapis-common-protos": {
            "version": "==1.5.3"
        },
        "grpcio": {
            "version": "==1.12.1"
        },
        "idna": {
            "version": "==2.7"
        },
        "protobuf": {
            "version": "==3.6.0"
        },
        "pyasn1": {
            "version": "==0.4.3"
        },
        "pyasn1-modules": {
            "version": "==0.2.1"
        },
        "pytz": {
            "version": "==2018.4"
        },
        "requests": {
            "version": "==2.19.0"
        },
        "rsa": {
            "version": "==3.4.2"
        },
        "six": {
            "version": "==1.11.0"
        },
        "urllib3": {
            "version": "==1.23"
        }
    },
    "develop": {}
}
